
Microsoft Visual Studio Solution File, Format Version 12.00
# Visual Studio 15
VisualStudioVersion = 15.0.27004.2002
MinimumVisualStudioVersion = 10.0.40219.1
Project("{9A19103F-16F7-4668-BE54-9A1E7A4F7556}") = "ThreadSafeSingletonExample", "ThreadSafeSingletonExample\ThreadSafeSingletonExample.csproj", "{0C22BE1E-5887-4DAA-99B6-CDE9411B1294}"
EndProject
Project("{9A19103F-16F7-4668-BE54-9A1E7A4F7556}") = "BuilderPatternExample", "BuilderPatternExample\BuilderPatternExample.csproj", "{A7834D36-7CA1-46EA-8BE2-6ABFE21DBC2B}"
EndProject
Project("{FAE04EC0-301F-11D3-BF4B-00C04F79EFBC}") = "FactoryPatternExample", "FactoryPatternExample\FactoryPatternExample\FactoryPatternExample.csproj", "{CC699990-0DC9-45D7-9534-2088D402EFC3}"
EndProject
Project("{FAE04EC0-301F-11D3-BF4B-00C04F79EFBC}") = "PrototypePatternExample", "PrototypePatternExample\PrototypePatternExample.csproj", "{B789A626-0C04-487D-8AB5-C98EBDD13FCB}"
EndProject
Project("{FAE04EC0-301F-11D3-BF4B-00C04F79EFBC}") = "NullObjectPatternExample", "NullObjectPatternExample\NullObjectPatternExample.csproj", "{6B005DE3-7359-4E45-BB80-BE3D230D5837}"
EndProject
Global
	GlobalSection(SolutionConfigurationPlatforms) = preSolution
		Debug|Any CPU = Debug|Any CPU
		Release|Any CPU = Release|Any CPU
	EndGlobalSection
	GlobalSection(ProjectConfigurationPlatforms) = postSolution
		{0C22BE1E-5887-4DAA-99B6-CDE9411B1294}.Debug|Any CPU.ActiveCfg = Debug|Any CPU
		{0C22BE1E-5887-4DAA-99B6-CDE9411B1294}.Debug|Any CPU.Build.0 = Debug|Any CPU
		{0C22BE1E-5887-4DAA-99B6-CDE9411B1294}.Release|Any CPU.ActiveCfg = Release|Any CPU
		{0C22BE1E-5887-4DAA-99B6-CDE9411B1294}.Release|Any CPU.Build.0 = Release|Any CPU
		{A7834D36-7CA1-46EA-8BE2-6ABFE21DBC2B}.Debug|Any CPU.ActiveCfg = Debug|Any CPU
		{A7834D36-7CA1-46EA-8BE2-6ABFE21DBC2B}.Debug|Any CPU.Build.0 = Debug|Any CPU
		{A7834D36-7CA1-46EA-8BE2-6ABFE21DBC2B}.Release|Any CPU.ActiveCfg = Release|Any CPU
		{A7834D36-7CA1-46EA-8BE2-6ABFE21DBC2B}.Release|Any CPU.Build.0 = Release|Any CPU
		{CC699990-0DC9-45D7-9534-2088D402EFC3}.Debug|Any CPU.ActiveCfg = Debug|Any CPU
		{CC699990-0DC9-45D7-9534-2088D402EFC3}.Debug|Any CPU.Build.0 = Debug|Any CPU
		{CC699990-0DC9-45D7-9534-2088D402EFC3}.Release|Any CPU.ActiveCfg = Release|Any CPU
		{CC699990-0DC9-45D7-9534-2088D402EFC3}.Release|Any CPU.Build.0 = Release|Any CPU
		{B789A626-0C04-487D-8AB5-C98EBDD13FCB}.Debug|Any CPU.ActiveCfg = Debug|Any CPU
		{B789A626-0C04-487D-8AB5-C98EBDD13FCB}.Debug|Any CPU.Build.0 = Debug|Any CPU
		{B789A626-0C04-487D-8AB5-C98EBDD13FCB}.Release|Any CPU.ActiveCfg = Release|Any CPU
		{B789A626-0C04-487D-8AB5-C98EBDD13FCB}.Release|Any CPU.Build.0 = Release|Any CPU
		{6B005DE3-7359-4E45-BB80-BE3D230D5837}.Debug|Any CPU.ActiveCfg = Debug|Any CPU
		{6B005DE3-7359-4E45-BB80-BE3D230D5837}.Debug|Any CPU.Build.0 = Debug|Any CPU
		{6B005DE3-7359-4E45-BB80-BE3D230D5837}.Release|Any CPU.ActiveCfg = Release|Any CPU
		{6B005DE3-7359-4E45-BB80-BE3D230D5837}.Release|Any CPU.Build.0 = Release|Any CPU
	EndGlobalSection
	GlobalSection(SolutionProperties) = preSolution
		HideSolutionNode = FALSE
	EndGlobalSection
	GlobalSection(ExtensibilityGlobals) = postSolution
		SolutionGuid = {D6DC418C-390B-4AF7-B368-8C0DCDAD2A09}
	EndGlobalSection
EndGlobal
